{
  "name": "table",
  "version": "1.0.0",
  "lockfileVersion": 2,
  "requires": true,
  "packages": {
    "": {
      "version": "1.0.0",
      "license": "ISC",
      "dependencies": {
        "binaryen": "^101.0.0"
      },
      "devDependencies": {
        "@types/node": "^15.6.1",
        "typescript": "^4.3.2"
      }
    },
    "node_modules/@types/node": {
      "version": "15.6.1",
      "resolved": "https://registry.npmjs.org/@types/node/-/node-15.6.1.tgz",
      "integrity": "sha512-7EIraBEyRHEe7CH+Fm1XvgqU6uwZN8Q7jppJGcqjROMT29qhAuuOxYB1uEY5UMYQKEmA5D+5tBnhdaPXSsLONA==",
      "dev": true
    },
    "node_modules/binaryen": {
      "version": "101.0.0",
      "resolved": "https://registry.npmjs.org/binaryen/-/binaryen-101.0.0.tgz",
      "integrity": "sha512-FRmVxvrR8jtcf0qcukNAPZDM3dZ2sc9GmA/hKxBI7k3fFzREKh1cAs+ruQi+ITTKz7u/AuFMuVnbJwTh0ef/HQ==",
      "bin": {
        "wasm-opt": "bin/wasm-opt"
      }
    },
    "node_modules/typescript": {
      "version": "4.3.2",
      "resolved": "https://registry.npmjs.org/typescript/-/typescript-4.3.2.tgz",
      "integrity": "sha512-zZ4hShnmnoVnAHpVHWpTcxdv7dWP60S2FsydQLV8V5PbS3FifjWFFRiHSWpDJahly88PRyV5teTSLoq4eG7mKw==",
      "dev": true,
      "bin": {
        "tsc": "bin/tsc",
        "tsserver": "bin/tsserver"
      },
      "engines": {
        "node": ">=4.2.0"
      }
    }
  },
  "dependencies": {
    "@types/node": {
      "version": "15.6.1",
      "resolved": "https://registry.npmjs.org/@types/node/-/node-15.6.1.tgz",
      "integrity": "sha512-7EIraBEyRHEe7CH+Fm1XvgqU6uwZN8Q7jppJGcqjROMT29qhAuuOxYB1uEY5UMYQKEmA5D+5tBnhdaPXSsLONA==",
      "dev": true
    },
    "binaryen": {
      "version": "101.0.0",
      "resolved": "https://registry.npmjs.org/binaryen/-/binaryen-101.0.0.tgz",
      "integrity": "sha512-FRmVxvrR8jtcf0qcukNAPZDM3dZ2sc9GmA/hKxBI7k3fFzREKh1cAs+ruQi+ITTKz7u/AuFMuVnbJwTh0ef/HQ=="
    },
    "typescript": {
      "version": "4.3.2",
      "resolved": "https://registry.npmjs.org/typescript/-/typescript-4.3.2.tgz",
      "integrity": "sha512-zZ4hShnmnoVnAHpVHWpTcxdv7dWP60S2FsydQLV8V5PbS3FifjWFFRiHSWpDJahly88PRyV5teTSLoq4eG7mKw==",
      "dev": true
    }
  }
}
